
Microsoft Visual Studio Solution File, Format Version 12.00
# Visual Studio Version 17
VisualStudioVersion = 17.13.35931.197 d17.13
MinimumVisualStudioVersion = 10.0.40219.1
Project("{FAE04EC0-301F-11D3-BF4B-00C04F79EFBC}") = "LB295-KohanovMaxim", "LB295-KohanovMaxim\LB295-KohanovMaxim.csproj", "{5B78172E-C7C0-4E35-98A7-382173F49D80}"
EndProject
Global
	GlobalSection(SolutionConfigurationPlatforms) = preSolution
		Debug|Any CPU = Debug|Any CPU
		Release|Any CPU = Release|Any CPU
	EndGlobalSection
	GlobalSection(ProjectConfigurationPlatforms) = postSolution
		{5B78172E-C7C0-4E35-98A7-382173F49D80}.Debug|Any CPU.ActiveCfg = Debug|Any CPU
		{5B78172E-C7C0-4E35-98A7-382173F49D80}.Debug|Any CPU.Build.0 = Debug|Any CPU
		{5B78172E-C7C0-4E35-98A7-382173F49D80}.Release|Any CPU.ActiveCfg = Release|Any CPU
		{5B78172E-C7C0-4E35-98A7-382173F49D80}.Release|Any CPU.Build.0 = Release|Any CPU
	EndGlobalSection
	GlobalSection(SolutionProperties) = preSolution
		HideSolutionNode = FALSE
	EndGlobalSection
	GlobalSection(ExtensibilityGlobals) = postSolution
		SolutionGuid = {3B033D84-0E18-4B87-8DFE-62678A6AE337}
	EndGlobalSection
EndGlobal
